// !$*UTF8*$!
{
	archiveVersion = 1;
	classes = {
	};
	objectVersion = 46;
	objects = {

/* Begin PBXBuildFile section */
		39B817CB1CC3AB7E00AAF160 /* main.m in Sources */ = {isa = PBXBuildFile; fileRef = 39B817CA1CC3AB7E00AAF160 /* main.m */; };
		39B817CE1CC3AB7E00AAF160 /* AppDelegate.m in Sources */ = {isa = PBXBuildFile; fileRef = 39B817CD1CC3AB7E00AAF160 /* AppDelegate.m */; };
		39B817D11CC3AB7E00AAF160 /* ViewController.m in Sources */ = {isa = PBXBuildFile; fileRef = 39B817D01CC3AB7E00AAF160 /* ViewController.m */; };
		39B817D41CC3AB7E00AAF160 /* Main.storyboard in Resources */ = {isa = PBXBuildFile; fileRef = 39B817D21CC3AB7E00AAF160 /* Main.storyboard */; };
		39B817D61CC3AB7E00AAF160 /* Assets.xcassets in Resources */ = {isa = PBXBuildFile; fileRef = 39B817D51CC3AB7E00AAF160 /* Assets.xcassets */; };
		39B817D91CC3AB7E00AAF160 /* LaunchScreen.storyboard in Resources */ = {isa = PBXBuildFile; fileRef = 39B817D71CC3AB7E00AAF160 /* LaunchScreen.storyboard */; };
		39B817E41CC3AB7E00AAF160 /* TableViewDemo1Tests.m in Sources */ = {isa = PBXBuildFile; fileRef = 39B817E31CC3AB7E00AAF160 /* TableViewDemo1Tests.m */; };
		39B817EF1CC3AB7E00AAF160 /* TableViewDemo1UITests.m in Sources */ = {isa = PBXBuildFile; fileRef = 39B817EE1CC3AB7E00AAF160 /* TableViewDemo1UITests.m */; };
/* End PBXBuildFile section */

/* Begin PBXContainerItemProxy section */
		39B817E01CC3AB7E00AAF160 /* PBXContainerItemProxy */ = {
			isa = PBXContainerItemProxy;
			containerPortal = 39B817BE1CC3AB7E00AAF160 /* Project object */;
			proxyType = 1;
			remoteGlobalIDString = 39B817C51CC3AB7E00AAF160;
			remoteInfo = TableViewDemo1;
		};
		39B817EB1CC3AB7E00AAF160 /* PBXContainerItemProxy */ = {
			isa = PBXContainerItemProxy;
			containerPortal = 39B817BE1CC3AB7E00AAF160 /* Project object */;
			proxyType = 1;
			remoteGlobalIDString = 39B817C51CC3AB7E00AAF160;
			remoteInfo = TableViewDemo1;
		};
/* End PBXContainerItemProxy section */

/* Begin PBXFileReference section */
		39B817C61CC3AB7E00AAF160 /* TableViewDemo1.app */ = {isa = PBXFileReference; explicitFileType = wrapper.application; includeInIndex = 0; path = TableViewDemo1.app; sourceTree = BUILT_PRODUCTS_DIR; };
		39B817CA1CC3AB7E00AAF160 /* main.m */ = {isa = PBXFileReference; lastKnownFileType = sourcecode.c.objc; path = main.m; sourceTree = "<group>"; };
		39B817CC1CC3AB7E00AAF160 /* AppDelegate.h */ = {isa = PBXFileReference; lastKnownFileType = sourcecode.c.h; path = AppDelegate.h; sourceTree = "<group>"; };
		39B817CD1CC3AB7E00AAF160 /* AppDelegate.m */ = {isa = PBXFileReference; lastKnownFileType = sourcecode.c.objc; path = AppDelegate.m; sourceTree = "<group>"; };
		39B817CF1CC3AB7E00AAF160 /* ViewController.h */ = {isa = PBXFileReference; lastKnownFileType = sourcecode.c.h; path = ViewController.h; sourceTree = "<group>"; };
		39B817D01CC3AB7E00AAF160 /* ViewController.m */ = {isa = PBXFileReference; lastKnownFileType = sourcecode.c.objc; path = ViewController.m; sourceTree = "<group>"; };
		39B817D31CC3AB7E00AAF160 /* Base */ = {isa = PBXFileReference; lastKnownFileType = file.storyboard; name = Base; path = Base.lproj/Main.storyboard; sourceTree = "<group>"; };
		39B817D51CC3AB7E00AAF160 /* Assets.xcassets */ = {isa = PBXFileReference; lastKnownFileType = folder.assetcatalog; path = Assets.xcassets; sourceTree = "<group>"; };
		39B817D81CC3AB7E00AAF160 /* Base */ = {isa = PBXFileReference; lastKnownFileType = file.storyboard; name = Base; path = Base.lproj/LaunchScreen.storyboard; sourceTree = "<group>"; };
		39B817DA1CC3AB7E00AAF160 /* Info.plist */ = {isa = PBXFileReference; lastKnownFileType = text.plist.xml; path = Info.plist; sourceTree = "<group>"; };
		39B817DF1CC3AB7E00AAF160 /* TableViewDemo1Tests.xctest */ = {isa = PBXFileReference; explicitFileType = wrapper.cfbundle; includeInIndex = 0; path = TableViewDemo1Tests.xctest; sourceTree = BUILT_PRODUCTS_DIR; };
		39B817E31CC3AB7E00AAF160 /* TableViewDemo1Tests.m */ = {isa = PBXFileReference; lastKnownFileType = sourcecode.c.objc; path = TableViewDemo1Tests.m; sourceTree = "<group>"; };
		39B817E51CC3AB7E00AAF160 /* Info.plist */ = {isa = PBXFileReference; lastKnownFileType = text.plist.xml; path = Info.plist; sourceTree = "<group>"; };
		39B817EA1CC3AB7E00AAF160 /* TableViewDemo1UITests.xctest */ = {isa = PBXFileReference; explicitFileType = wrapper.cfbundle; includeInIndex = 0; path = TableViewDemo1UITests.xctest; sourceTree = BUILT_PRODUCTS_DIR; };
		39B817EE1CC3AB7E00AAF160 /* TableViewDemo1UITests.m */ = {isa = PBXFileReference; lastKnownFileType = sourcecode.c.objc; path = TableViewDemo1UITests.m; sourceTree = "<group>"; };
		39B817F01CC3AB7E00AAF160 /* Info.plist */ = {isa = PBXFileReference; lastKnownFileType = text.plist.xml; path = Info.plist; sourceTree = "<group>"; };
/* End PBXFileReference section */

/* Begin PBXFrameworksBuildPhase section */
		39B817C31CC3AB7E00AAF160 /* Frameworks */ = {
			isa = PBXFrameworksBuildPhase;
			buildActionMask = 2147483647;
			files = (
			);
			runOnlyForDeploymentPostprocessing = 0;
		};
		39B817DC1CC3AB7E00AAF160 /* Frameworks */ = {
			isa = PBXFrameworksBuildPhase;
			buildActionMask = 2147483647;
			files = (
			);
			runOnlyForDeploymentPostprocessing = 0;
		};
		39B817E71CC3AB7E00AAF160 /* Frameworks */ = {
			isa = PBXFrameworksBuildPhase;
			buildActionMask = 2147483647;
			files = (
			);
			runOnlyForDeploymentPostprocessing = 0;
		};
/* End PBXFrameworksBuildPhase section */

/* Begin PBXGroup section */
		39B817BD1CC3AB7E00AAF160 = {
			isa = PBXGroup;
			children = (
				39B817C81CC3AB7E00AAF160 /* TableViewDemo1 */,
				39B817E21CC3AB7E00AAF160 /* TableViewDemo1Tests */,
				39B817ED1CC3AB7E00AAF160 /* TableViewDemo1UITests */,
				39B817C71CC3AB7E00AAF160 /* Products */,
			);
			sourceTree = "<group>";
		};
		39B817C71CC3AB7E00AAF160 /* Products */ = {
			isa = PBXGroup;
			children = (
				39B817C61CC3AB7E00AAF160 /* TableViewDemo1.app */,
				39B817DF1CC3AB7E00AAF160 /* TableViewDemo1Tests.xctest */,
				39B817EA1CC3AB7E00AAF160 /* TableViewDemo1UITests.xctest */,
			);
			name = Products;
			sourceTree = "<group>";
		};
		39B817C81CC3AB7E00AAF160 /* TableViewDemo1 */ = {
			isa = PBXGroup;
			children = (
				39B817CC1CC3AB7E00AAF160 /* AppDelegate.h */,
				39B817CD1CC3AB7E00AAF160 /* AppDelegate.m */,
				39B817CF1CC3AB7E00AAF160 /* ViewController.h */,
				39B817D01CC3AB7E00AAF160 /* ViewController.m */,
				39B817D21CC3AB7E00AAF160 /* Main.storyboard */,
				39B817D51CC3AB7E00AAF160 /* Assets.xcassets */,
				39B817D71CC3AB7E00AAF160 /* LaunchScreen.storyboard */,
				39B817DA1CC3AB7E00AAF160 /* Info.plist */,
				39B817C91CC3AB7E00AAF160 /* Supporting Files */,
			);
			path = TableViewDemo1;
			sourceTree = "<group>";
		};
		39B817C91CC3AB7E00AAF160 /* Supporting Files */ = {
			isa = PBXGroup;
			children = (
				39B817CA1CC3AB7E00AAF160 /* main.m */,
			);
			name = "Supporting Files";
			sourceTree = "<group>";
		};
		39B817E21CC3AB7E00AAF160 /* TableViewDemo1Tests */ = {
			isa = PBXGroup;
			children = (
				39B817E31CC3AB7E00AAF160 /* TableViewDemo1Tests.m */,
				39B817E51CC3AB7E00AAF160 /* Info.plist */,
			);
			path = TableViewDemo1Tests;
			sourceTree = "<group>";
		};
		39B817ED1CC3AB7E00AAF160 /* TableViewDemo1UITests */ = {
			isa = PBXGroup;
			children = (
				39B817EE1CC3AB7E00AAF160 /* TableViewDemo1UITests.m */,
				39B817F01CC3AB7E00AAF160 /* Info.plist */,
			);
			path = TableViewDemo1UITests;
			sourceTree = "<group>";
		};
/* End PBXGroup section */

/* Begin PBXNativeTarget section */
		39B817C51CC3AB7E00AAF160 /* TableViewDemo1 */ = {
			isa = PBXNativeTarget;
			buildConfigurationList = 39B817F31CC3AB7E00AAF160 /* Build configuration list for PBXNativeTarget "TableViewDemo1" */;
			buildPhases = (
				39B817C21CC3AB7E00AAF160 /* Sources */,
				39B817C31CC3AB7E00AAF160 /* Frameworks */,
				39B817C41CC3AB7E00AAF160 /* Resources */,
			);
			buildRules = (
			);
			dependencies = (
			);
			name = TableViewDemo1;
			productName = TableViewDemo1;
			productReference = 39B817C61CC3AB7E00AAF160 /* TableViewDemo1.app */;
			productType = "com.apple.product-type.application";
		};
		39B817DE1CC3AB7E00AAF160 /* TableViewDemo1Tests */ = {
			isa = PBXNativeTarget;
			buildConfigurationList = 39B817F61CC3AB7E00AAF160 /* Build configuration list for PBXNativeTarget "TableViewDemo1Tests" */;
			buildPhases = (
				39B817DB1CC3AB7E00AAF160 /* Sources */,
				39B817DC1CC3AB7E00AAF160 /* Frameworks */,
				39B817DD1CC3AB7E00AAF160 /* Resources */,
			);
			buildRules = (
			);
			dependencies = (
				39B817E11CC3AB7E00AAF160 /* PBXTargetDependency */,
			);
			name = TableViewDemo1Tests;
			productName = TableViewDemo1Tests;
			productReference = 39B817DF1CC3AB7E00AAF160 /* TableViewDemo1Tests.xctest */;
			productType = "com.apple.product-type.bundle.unit-test";
		};
		39B817E91CC3AB7E00AAF160 /* TableViewDemo1UITests */ = {
			isa = PBXNativeTarget;
			buildConfigurationList = 39B817F91CC3AB7E00AAF160 /* Build configuration list for PBXNativeTarget "TableViewDemo1UITests" */;
			buildPhases = (
				39B817E61CC3AB7E00AAF160 /* Sources */,
				39B817E71CC3AB7E00AAF160 /* Frameworks */,
				39B817E81CC3AB7E00AAF160 /* Resources */,
			);
			buildRules = (
			);
			dependencies = (
				39B817EC1CC3AB7E00AAF160 /* PBXTargetDependency */,
			);
			name = TableViewDemo1UITests;
			productName = TableViewDemo1UITests;
			productReference = 39B817EA1CC3AB7E00AAF160 /* TableViewDemo1UITests.xctest */;
			productType = "com.apple.product-type.bundle.ui-testing";
		};
/* End PBXNativeTarget section */

/* Begin PBXProject section */
		39B817BE1CC3AB7E00AAF160 /* Project object */ = {
			isa = PBXProject;
			attributes = {
				LastUpgradeCheck = 0720;
				ORGANIZATIONNAME = "徐涛";
				TargetAttributes = {
					39B817C51CC3AB7E00AAF160 = {
						CreatedOnToolsVersion = 7.2.1;
						DevelopmentTeam = ZGB87C6BGF;
					};
					39B817DE1CC3AB7E00AAF160 = {
						CreatedOnToolsVersion = 7.2.1;
						DevelopmentTeam = ZGB87C6BGF;
						TestTargetID = 39B817C51CC3AB7E00AAF160;
					};
					39B817E91CC3AB7E00AAF160 = {
						CreatedOnToolsVersion = 7.2.1;
						DevelopmentTeam = ZGB87C6BGF;
						TestTargetID = 39B817C51CC3AB7E00AAF160;
					};
				};
			};
			buildConfigurationList = 39B817C11CC3AB7E00AAF160 /* Build configuration list for PBXProject "TableViewDemo1" */;
			compatibilityVersion = "Xcode 3.2";
			developmentRegion = English;
			hasScannedForEncodings = 0;
			knownRegions = (
				en,
				Base,
			);
			mainGroup = 39B817BD1CC3AB7E00AAF160;
			productRefGroup = 39B817C71CC3AB7E00AAF160 /* Products */;
			projectDirPath = "";
			projectRoot = "";
			targets = (
				39B817C51CC3AB7E00AAF160 /* TableViewDemo1 */,
				39B817DE1CC3AB7E00AAF160 /* TableViewDemo1Tests */,
				39B817E91CC3AB7E00AAF160 /* TableViewDemo1UITests */,
			);
		};
/* End PBXProject section */

/* Begin PBXResourcesBuildPhase section */
		39B817C41CC3AB7E00AAF160 /* Resources */ = {
			isa = PBXResourcesBuildPhase;
			buildActionMask = 2147483647;
			files = (
				39B817D91CC3AB7E00AAF160 /* LaunchScreen.storyboard in Resources */,
				39B817D61CC3AB7E00AAF160 /* Assets.xcassets in Resources */,
				39B817D41CC3AB7E00AAF160 /* Main.storyboard in Resources */,
			);
			runOnlyForDeploymentPostprocessing = 0;
		};
		39B817DD1CC3AB7E00AAF160 /* Resources */ = {
			isa = PBXResourcesBuildPhase;
			buildActionMask = 2147483647;
			files = (
			);
			runOnlyForDeploymentPostprocessing = 0;
		};
		39B817E81CC3AB7E00AAF160 /* Resources */ = {
			isa = PBXResourcesBuildPhase;
			buildActionMask = 2147483647;
			files = (
			);
			runOnlyForDeploymentPostprocessing = 0;
		};
/* End PBXResourcesBuildPhase section */

/* Begin PBXSourcesBuildPhase section */
		39B817C21CC3AB7E00AAF160 /* Sources */ = {
			isa = PBXSourcesBuildPhase;
			buildActionMask = 2147483647;
			files = (
				39B817D11CC3AB7E00AAF160 /* ViewController.m in Sources */,
				39B817CE1CC3AB7E00AAF160 /* AppDelegate.m in Sources */,
				39B817CB1CC3AB7E00AAF160 /* main.m in Sources */,
			);
			runOnlyForDeploymentPostprocessing = 0;
		};
		39B817DB1CC3AB7E00AAF160 /* Sources */ = {
			isa = PBXSourcesBuildPhase;
			buildActionMask = 2147483647;
			files = (
				39B817E41CC3AB7E00AAF160 /* TableViewDemo1Tests.m in Sources */,
			);
			runOnlyForDeploymentPostprocessing = 0;
		};
		39B817E61CC3AB7E00AAF160 /* Sources */ = {
			isa = PBXSourcesBuildPhase;
			buildActionMask = 2147483647;
			files = (
				39B817EF1CC3AB7E00AAF160 /* TableViewDemo1UITests.m in Sources */,
			);
			runOnlyForDeploymentPostprocessing = 0;
		};
/* End PBXSourcesBuildPhase section */

/* Begin PBXTargetDependency section */
		39B817E11CC3AB7E00AAF160 /* PBXTargetDependency */ = {
			isa = PBXTargetDependency;
			target = 39B817C51CC3AB7E00AAF160 /* TableViewDemo1 */;
			targetProxy = 39B817E01CC3AB7E00AAF160 /* PBXContainerItemProxy */;
		};
		39B817EC1CC3AB7E00AAF160 /* PBXTargetDependency */ = {
			isa = PBXTargetDependency;
			target = 39B817C51CC3AB7E00AAF160 /* TableViewDemo1 */;
			targetProxy = 39B817EB1CC3AB7E00AAF160 /* PBXContainerItemProxy */;
		};
/* End PBXTargetDependency section */

/* Begin PBXVariantGroup section */
		39B817D21CC3AB7E00AAF160 /* Main.storyboard */ = {
			isa = PBXVariantGroup;
			children = (
				39B817D31CC3AB7E00AAF160 /* Base */,
			);
			name = Main.storyboard;
			sourceTree = "<group>";
		};
		39B817D71CC3AB7E00AAF160 /* LaunchScreen.storyboard */ = {
			isa = PBXVariantGroup;
			children = (
				39B817D81CC3AB7E00AAF160 /* Base */,
			);
			name = LaunchScreen.storyboard;
			sourceTree = "<group>";
		};
/* End PBXVariantGroup section */

/* Begin XCBuildConfiguration section */
		39B817F11CC3AB7E00AAF160 /* Debug */ = {
			isa = XCBuildConfiguration;
			buildSettings = {
				ALWAYS_SEARCH_USER_PATHS = NO;
				CLANG_CXX_LANGUAGE_STANDARD = "gnu++0x";
				CLANG_CXX_LIBRARY = "libc++";
				CLANG_ENABLE_MODULES = YES;
				CLANG_ENABLE_OBJC_ARC = YES;
				CLANG_WARN_BOOL_CONVERSION = YES;
				CLANG_WARN_CONSTANT_CONVERSION = YES;
				CLANG_WARN_DIRECT_OBJC_ISA_USAGE = YES_ERROR;
				CLANG_WARN_EMPTY_BODY = YES;
				CLANG_WARN_ENUM_CONVERSION = YES;
				CLANG_WARN_INT_CONVERSION = YES;
				CLANG_WARN_OBJC_ROOT_CLASS = YES_ERROR;
				CLANG_WARN_UNREACHABLE_CODE = YES;
				CLANG_WARN__DUPLICATE_METHOD_MATCH = YES;
				"CODE_SIGN_IDENTITY[sdk=iphoneos*]" = "iPhone Developer";
				COPY_PHASE_STRIP = NO;
				DEBUG_INFORMATION_FORMAT = dwarf;
				ENABLE_STRICT_OBJC_MSGSEND = YES;
				ENABLE_TESTABILITY = YES;
				GCC_C_LANGUAGE_STANDARD = gnu99;
				GCC_DYNAMIC_NO_PIC = NO;
				GCC_NO_COMMON_BLOCKS = YES;
				GCC_OPTIMIZATION_LEVEL = 0;
				GCC_PREPROCESSOR_DEFINITIONS = (
					"DEBUG=1",
					"$(inherited)",
				);
				GCC_WARN_64_TO_32_BIT_CONVERSION = YES;
				GCC_WARN_ABOUT_RETURN_TYPE = YES_ERROR;
				GCC_WARN_UNDECLARED_SELECTOR = YES;
				GCC_WARN_UNINITIALIZED_AUTOS = YES_AGGRESSIVE;
				GCC_WARN_UNUSED_FUNCTION = YES;
				GCC_WARN_UNUSED_VARIABLE = YES;
				IPHONEOS_DEPLOYMENT_TARGET = 9.2;
				MTL_ENABLE_DEBUG_INFO = YES;
				ONLY_ACTIVE_ARCH = YES;
				SDKROOT = iphoneos;
			};
			name = Debug;
		};
		39B817F21CC3AB7E00AAF160 /* Release */ = {
			isa = XCBuildConfiguration;
			buildSettings = {
				ALWAYS_SEARCH_USER_PATHS = NO;
				CLANG_CXX_LANGUAGE_STANDARD = "gnu++0x";
				CLANG_CXX_LIBRARY = "libc++";
				CLANG_ENABLE_MODULES = YES;
				CLANG_ENABLE_OBJC_ARC = YES;
				CLANG_WARN_BOOL_CONVERSION = YES;
				CLANG_WARN_CONSTANT_CONVERSION = YES;
				CLANG_WARN_DIRECT_OBJC_ISA_USAGE = YES_ERROR;
				CLANG_WARN_EMPTY_BODY = YES;
				CLANG_WARN_ENUM_CONVERSION = YES;
				CLANG_WARN_INT_CONVERSION = YES;
				CLANG_WARN_OBJC_ROOT_CLASS = YES_ERROR;
				CLANG_WARN_UNREACHABLE_CODE = YES;
				CLANG_WARN__DUPLICATE_METHOD_MATCH = YES;
				"CODE_SIGN_IDENTITY[sdk=iphoneos*]" = "iPhone Developer";
				COPY_PHASE_STRIP = NO;
				DEBUG_INFORMATION_FORMAT = "dwarf-with-dsym";
				ENABLE_NS_ASSERTIONS = NO;
				ENABLE_STRICT_OBJC_MSGSEND = YES;
				GCC_C_LANGUAGE_STANDARD = gnu99;
				GCC_NO_COMMON_BLOCKS = YES;
				GCC_WARN_64_TO_32_BIT_CONVERSION = YES;
				GCC_WARN_ABOUT_RETURN_TYPE = YES_ERROR;
				GCC_WARN_UNDECLARED_SELECTOR = YES;
				GCC_WARN_UNINITIALIZED_AUTOS = YES_AGGRESSIVE;
				GCC_WARN_UNUSED_FUNCTION = YES;
				GCC_WARN_UNUSED_VARIABLE = YES;
				IPHONEOS_DEPLOYMENT_TARGET = 9.2;
				MTL_ENABLE_DEBUG_INFO = NO;
				SDKROOT = iphoneos;
				VALIDATE_PRODUCT = YES;
			};
			name = Release;
		};
		39B817F41CC3AB7E00AAF160 /* Debug */ = {
			isa = XCBuildConfiguration;
			buildSettings = {
				ASSETCATALOG_COMPILER_APPICON_NAME = AppIcon;
				INFOPLIST_FILE = TableViewDemo1/Info.plist;
				LD_RUNPATH_SEARCH_PATHS = "$(inherited) @executable_path/Frameworks";
				PRODUCT_BUNDLE_IDENTIFIER = com.tt.TableViewDemo1;
				PRODUCT_NAME = "$(TARGET_NAME)";
			};
			name = Debug;
		};
		39B817F51CC3AB7E00AAF160 /* Release */ = {
			isa = XCBuildConfiguration;
			buildSettings = {
				ASSETCATALOG_COMPILER_APPICON_NAME = AppIcon;
				INFOPLIST_FILE = TableViewDemo1/Info.plist;
				LD_RUNPATH_SEARCH_PATHS = "$(inherited) @executable_path/Frameworks";
				PRODUCT_BUNDLE_IDENTIFIER = com.tt.TableViewDemo1;
				PRODUCT_NAME = "$(TARGET_NAME)";
			};
			name = Release;
		};
		39B817F71CC3AB7E00AAF160 /* Debug */ = {
			isa = XCBuildConfiguration;
			buildSettings = {
				BUNDLE_LOADER = "$(TEST_HOST)";
				INFOPLIST_FILE = TableViewDemo1Tests/Info.plist;
				LD_RUNPATH_SEARCH_PATHS = "$(inherited) @executable_path/Frameworks @loader_path/Frameworks";
				PRODUCT_BUNDLE_IDENTIFIER = com.tt.TableViewDemo1Tests;
				PRODUCT_NAME = "$(TARGET_NAME)";
				TEST_HOST = "$(BUILT_PRODUCTS_DIR)/TableViewDemo1.app/TableViewDemo1";
			};
			name = Debug;
		};
		39B817F81CC3AB7E00AAF160 /* Release */ = {
			isa = XCBuildConfiguration;
			buildSettings = {
				BUNDLE_LOADER = "$(TEST_HOST)";
				INFOPLIST_FILE = TableViewDemo1Tests/Info.plist;
				LD_RUNPATH_SEARCH_PATHS = "$(inherited) @executable_path/Frameworks @loader_path/Frameworks";
				PRODUCT_BUNDLE_IDENTIFIER = com.tt.TableViewDemo1Tests;
				PRODUCT_NAME = "$(TARGET_NAME)";
				TEST_HOST = "$(BUILT_PRODUCTS_DIR)/TableViewDemo1.app/TableViewDemo1";
			};
			name = Release;
		};
		39B817FA1CC3AB7E00AAF160 /* Debug */ = {
			isa = XCBuildConfiguration;
			buildSettings = {
				INFOPLIST_FILE = TableViewDemo1UITests/Info.plist;
				LD_RUNPATH_SEARCH_PATHS = "$(inherited) @executable_path/Frameworks @loader_path/Frameworks";
				PRODUCT_BUNDLE_IDENTIFIER = com.tt.TableViewDemo1UITests;
				PRODUCT_NAME = "$(TARGET_NAME)";
				TEST_TARGET_NAME = TableViewDemo1;
				USES_XCTRUNNER = YES;
			};
			name = Debug;
		};
		39B817FB1CC3AB7E00AAF160 /* Release */ = {
			isa = XCBuildConfiguration;
			buildSettings = {
				INFOPLIST_FILE = TableViewDemo1UITests/Info.plist;
				LD_RUNPATH_SEARCH_PATHS = "$(inherited) @executable_path/Frameworks @loader_path/Frameworks";
				PRODUCT_BUNDLE_IDENTIFIER = com.tt.TableViewDemo1UITests;
				PRODUCT_NAME = "$(TARGET_NAME)";
				TEST_TARGET_NAME = TableViewDemo1;
				USES_XCTRUNNER = YES;
			};
			name = Release;
		};
/* End XCBuildConfiguration section */

/* Begin XCConfigurationList section */
		39B817C11CC3AB7E00AAF160 /* Build configuration list for PBXProject "TableViewDemo1" */ = {
			isa = XCConfigurationList;
			buildConfigurations = (
				39B817F11CC3AB7E00AAF160 /* Debug */,
				39B817F21CC3AB7E00AAF160 /* Release */,
			);
			defaultConfigurationIsVisible = 0;
			defaultConfigurationName = Release;
		};
		39B817F31CC3AB7E00AAF160 /* Build configuration list for PBXNativeTarget "TableViewDemo1" */ = {
			isa = XCConfigurationList;
			buildConfigurations = (
				39B817F41CC3AB7E00AAF160 /* Debug */,
				39B817F51CC3AB7E00AAF160 /* Release */,
			);
			defaultConfigurationIsVisible = 0;
		};
		39B817F61CC3AB7E00AAF160 /* Build configuration list for PBXNativeTarget "TableViewDemo1Tests" */ = {
			isa = XCConfigurationList;
			buildConfigurations = (
				39B817F71CC3AB7E00AAF160 /* Debug */,
				39B817F81CC3AB7E00AAF160 /* Release */,
			);
			defaultConfigurationIsVisible = 0;
		};
		39B817F91CC3AB7E00AAF160 /* Build configuration list for PBXNativeTarget "TableViewDemo1UITests" */ = {
			isa = XCConfigurationList;
			buildConfigurations = (
				39B817FA1CC3AB7E00AAF160 /* Debug */,
				39B817FB1CC3AB7E00AAF160 /* Release */,
			);
			defaultConfigurationIsVisible = 0;
		};
/* End XCConfigurationList section */
	};
	rootObject = 39B817BE1CC3AB7E00AAF160 /* Project object */;
}
